
Microsoft Visual Studio Solution File, Format Version 12.00
# Visual Studio Version 17
VisualStudioVersion = 17.8.34525.116
MinimumVisualStudioVersion = 10.0.40219.1
Project("{FAE04EC0-301F-11D3-BF4B-00C04F79EFBC}") = "Geom", "Geom\Geom.csproj", "{DA7CC02F-411B-453B-8164-3DA2DC84604B}"
EndProject
Project("{FAE04EC0-301F-11D3-BF4B-00C04F79EFBC}") = "GeomTest", "GeomTest\GeomTest.csproj", "{64F23CA0-C3C7-4875-A4BF-F57D08484CD8}"
EndProject
Global
	GlobalSection(SolutionConfigurationPlatforms) = preSolution
		Debug|Any CPU = Debug|Any CPU
		Release|Any CPU = Release|Any CPU
	EndGlobalSection
	GlobalSection(ProjectConfigurationPlatforms) = postSolution
		{DA7CC02F-411B-453B-8164-3DA2DC84604B}.Debug|Any CPU.ActiveCfg = Debug|Any CPU
		{DA7CC02F-411B-453B-8164-3DA2DC84604B}.Debug|Any CPU.Build.0 = Debug|Any CPU
		{DA7CC02F-411B-453B-8164-3DA2DC84604B}.Release|Any CPU.ActiveCfg = Release|Any CPU
		{DA7CC02F-411B-453B-8164-3DA2DC84604B}.Release|Any CPU.Build.0 = Release|Any CPU
		{64F23CA0-C3C7-4875-A4BF-F57D08484CD8}.Debug|Any CPU.ActiveCfg = Debug|Any CPU
		{64F23CA0-C3C7-4875-A4BF-F57D08484CD8}.Debug|Any CPU.Build.0 = Debug|Any CPU
		{64F23CA0-C3C7-4875-A4BF-F57D08484CD8}.Release|Any CPU.ActiveCfg = Release|Any CPU
		{64F23CA0-C3C7-4875-A4BF-F57D08484CD8}.Release|Any CPU.Build.0 = Release|Any CPU
	EndGlobalSection
	GlobalSection(SolutionProperties) = preSolution
		HideSolutionNode = FALSE
	EndGlobalSection
	GlobalSection(ExtensibilityGlobals) = postSolution
		SolutionGuid = {BCFF7E69-FBC5-4A6C-ADCE-C08E3B9F8BAE}
	EndGlobalSection
EndGlobal
